{
  "name": "pt_js",
  "lockfileVersion": 3,
  "requires": true,
  "packages": {
    "": {
      "dependencies": {
        "katex": "^0.16.25",
        "reveal.js": "^5.2.1"
      }
    },
    "node_modules/commander": {
      "version": "8.3.0",
      "resolved": "https://registry.npmjs.org/commander/-/commander-8.3.0.tgz",
      "integrity": "sha512-OkTL9umf+He2DZkUq8f8J9of7yL6RJKI24dVITBmNfZBmri9zYZQrKkuXiKhyfPSu8tUhnVBB1iKXevvnlR4Ww==",
      "license": "MIT",
      "engines": {
        "node": ">= 12"
      }
    },
    "node_modules/katex": {
      "version": "0.16.25",
      "resolved": "https://registry.npmjs.org/katex/-/katex-0.16.25.tgz",
      "integrity": "sha512-woHRUZ/iF23GBP1dkDQMh1QBad9dmr8/PAwNA54VrSOVYgI12MAcE14TqnDdQOdzyEonGzMepYnqBMYdsoAr8Q==",
      "funding": [
        "https://opencollective.com/katex",
        "https://github.com/sponsors/katex"
      ],
      "license": "MIT",
      "dependencies": {
        "commander": "^8.3.0"
      },
      "bin": {
        "katex": "cli.js"
      }
    },
    "node_modules/reveal.js": {
      "version": "5.2.1",
      "resolved": "https://registry.npmjs.org/reveal.js/-/reveal.js-5.2.1.tgz",
      "integrity": "sha512-r7//6mIM5p34hFiDMvYfXgyjXqGRta+/psd9YtytsgRlrpRzFv4RbH76TXd2qD+7ZPZEbpBDhdRhJaFgfQ7zNQ==",
      "license": "MIT",
      "engines": {
        "node": ">=18.0.0"
      }
    }
  }
}
